
Microsoft Visual Studio Solution File, Format Version 12.00
# Visual Studio Version 17
VisualStudioVersion = 17.0.32112.339
MinimumVisualStudioVersion = 10.0.40219.1
Project("{FAE04EC0-301F-11D3-BF4B-00C04F79EFBC}") = "WebAPI_SQLSERVER_CRUD", "WebAPI_SQLSERVER_CRUD\WebAPI_SQLSERVER_CRUD.csproj", "{CADE5D45-7416-4E5A-8A9E-F81C577DEFBE}"
EndProject
Global
	GlobalSection(SolutionConfigurationPlatforms) = preSolution
		Debug|Any CPU = Debug|Any CPU
		Release|Any CPU = Release|Any CPU
	EndGlobalSection
	GlobalSection(ProjectConfigurationPlatforms) = postSolution
		{CADE5D45-7416-4E5A-8A9E-F81C577DEFBE}.Debug|Any CPU.ActiveCfg = Debug|Any CPU
		{CADE5D45-7416-4E5A-8A9E-F81C577DEFBE}.Debug|Any CPU.Build.0 = Debug|Any CPU
		{CADE5D45-7416-4E5A-8A9E-F81C577DEFBE}.Release|Any CPU.ActiveCfg = Release|Any CPU
		{CADE5D45-7416-4E5A-8A9E-F81C577DEFBE}.Release|Any CPU.Build.0 = Release|Any CPU
	EndGlobalSection
	GlobalSection(SolutionProperties) = preSolution
		HideSolutionNode = FALSE
	EndGlobalSection
	GlobalSection(ExtensibilityGlobals) = postSolution
		SolutionGuid = {DEA724FC-AF57-4EEC-8544-76DA1F8B08A5}
	EndGlobalSection
EndGlobal
